
Microsoft Visual Studio Solution File, Format Version 11.00
# Visual Studio 2010
Project("{FAE04EC0-301F-11D3-BF4B-00C04F79EFBC}") = "pop_battle", "Assembly-CSharp.csproj", "{3623E0F5-7694-B830-5977-57DDCE65B142}"
EndProject
Project("{FAE04EC0-301F-11D3-BF4B-00C04F79EFBC}") = "pop_battle", "Assembly-CSharp-Editor.csproj", "{402F05EB-CE39-50F7-584B-44AFCF4BFA2F}"
EndProject
Global
	GlobalSection(SolutionConfigurationPlatforms) = preSolution
		Debug|Any CPU = Debug|Any CPU
		Release|Any CPU = Release|Any CPU
	EndGlobalSection
	GlobalSection(ProjectConfigurationPlatforms) = postSolution
		{3623E0F5-7694-B830-5977-57DDCE65B142}.Debug|Any CPU.ActiveCfg = Debug|Any CPU
		{3623E0F5-7694-B830-5977-57DDCE65B142}.Debug|Any CPU.Build.0 = Debug|Any CPU
		{3623E0F5-7694-B830-5977-57DDCE65B142}.Release|Any CPU.ActiveCfg = Release|Any CPU
		{3623E0F5-7694-B830-5977-57DDCE65B142}.Release|Any CPU.Build.0 = Release|Any CPU
		{402F05EB-CE39-50F7-584B-44AFCF4BFA2F}.Debug|Any CPU.ActiveCfg = Debug|Any CPU
		{402F05EB-CE39-50F7-584B-44AFCF4BFA2F}.Debug|Any CPU.Build.0 = Debug|Any CPU
		{402F05EB-CE39-50F7-584B-44AFCF4BFA2F}.Release|Any CPU.ActiveCfg = Release|Any CPU
		{402F05EB-CE39-50F7-584B-44AFCF4BFA2F}.Release|Any CPU.Build.0 = Release|Any CPU
	EndGlobalSection
	GlobalSection(SolutionProperties) = preSolution
		HideSolutionNode = FALSE
	EndGlobalSection
	GlobalSection(MonoDevelopProperties) = preSolution
		StartupItem = Assembly-CSharp.csproj
	EndGlobalSection
EndGlobal
